
Microsoft Visual Studio Solution File, Format Version 12.00
# Visual Studio Version 17
VisualStudioVersion = 17.5.33424.131
MinimumVisualStudioVersion = 10.0.40219.1
Project("{FAE04EC0-301F-11D3-BF4B-00C04F79EFBC}") = "ISchoolAppWebAppIvan", "ISchoolAppWebAppIvan.csproj", "{F3369B69-CE96-4866-A0FC-6C37840C21F1}"
EndProject
Global
	GlobalSection(SolutionConfigurationPlatforms) = preSolution
		Debug|Any CPU = Debug|Any CPU
		Release|Any CPU = Release|Any CPU
	EndGlobalSection
	GlobalSection(ProjectConfigurationPlatforms) = postSolution
		{F3369B69-CE96-4866-A0FC-6C37840C21F1}.Debug|Any CPU.ActiveCfg = Debug|Any CPU
		{F3369B69-CE96-4866-A0FC-6C37840C21F1}.Debug|Any CPU.Build.0 = Debug|Any CPU
		{F3369B69-CE96-4866-A0FC-6C37840C21F1}.Release|Any CPU.ActiveCfg = Release|Any CPU
		{F3369B69-CE96-4866-A0FC-6C37840C21F1}.Release|Any CPU.Build.0 = Release|Any CPU
	EndGlobalSection
	GlobalSection(SolutionProperties) = preSolution
		HideSolutionNode = FALSE
	EndGlobalSection
	GlobalSection(ExtensibilityGlobals) = postSolution
		SolutionGuid = {1D7300B8-3A9A-4688-81F8-AAD709CE8624}
	EndGlobalSection
EndGlobal
